uuid: 1dd549f2-77ff-48ca-9349-ec08cf86065e
langcode: en
status: true
dependencies:
  content:
    - 'block_content:home_page_instagram_block:20fe2756-6fea-409c-a274-d0bada581160'
  module:
    - block_content
  theme:
    - ccw_lgd
id: homepageinstagramblock
theme: ccw_lgd
region: content_bottom
weight: -9
provider: null
plugin: 'block_content:20fe2756-6fea-409c-a274-d0bada581160'
settings:
  id: 'block_content:20fe2756-6fea-409c-a274-d0bada581160'
  label: 'Home Page Instagram block'
  label_display: '0'
  provider: block_content
  status: true
  info: ''
  view_mode: full
visibility: {  }
